PODS:
  - Alamofire (4.9.1)
  - Kingfisher (6.0.1)
  - SwiftyJSON (5.0.0)

DEPENDENCIES:
  - Alamofire (= 4.9.1)
  - Kingfisher (~> 6.0.0)
  - SwiftyJSON (= 5.0.0)

SPEC REPOS:
  trunk:
    - Alamofire
    - Kingfisher
    - SwiftyJSON

SPEC CHECKSUMS:
  Alamofire: 85e8a02c69d6020a0d734f6054870d7ecb75cf18
  Kingfisher: adde87a4f74f6a3845395769354efff593581740
  SwiftyJSON: 36413e04c44ee145039d332b4f4e2d3e8d6c4db7

PODFILE CHECKSUM: 274125c075b0a2211dd1ae49d193c6d1527822ac

COCOAPODS: 1.9.3
