PODS:
  - Alamofire (4.9.1)
  - Kingfisher (6.0.1)
  - lottie-ios (3.1.9)
  - SwiftyJSON (5.0.0)

DEPENDENCIES:
  - Alamofire (= 4.9.1)
  - Kingfisher (~> 6.0.0)
  - lottie-ios (= 3.1.9)
  - SwiftyJSON (= 5.0.0)

SPEC REPOS:
  trunk:
    - Alamofire
    - Kingfisher
    - lottie-ios
    - SwiftyJSON

SPEC CHECKSUMS:
  Alamofire: 85e8a02c69d6020a0d734f6054870d7ecb75cf18
  Kingfisher: adde87a4f74f6a3845395769354efff593581740
  lottie-ios: 3a3758ef5a008e762faec9c9d50a39842f26d124
  SwiftyJSON: 36413e04c44ee145039d332b4f4e2d3e8d6c4db7

PODFILE CHECKSUM: 109b858176f3558756ff99006497d156ef33a7fd

COCOAPODS: 1.9.3
