// !$*UTF8*$!
{
	archiveVersion = 1;
	classes = {
	};
	objectVersion = 51;
	objects = {

/* Begin PBXBuildFile section */
		48EBFEDAB7FE0F9321C3A8F6 /* Pods_Portto.framework in Frameworks */ = {isa = PBXBuildFile; fileRef = 28E5672C80909976C7CEB282 /* Pods_Portto.framework */; };
		C2B3C8EF25FB686400E499E1 /* loading.json in Resources */ = {isa = PBXBuildFile; fileRef = C2B3C8EE25FB686400E499E1 /* loading.json */; };
		C2B3C8F425FB689200E499E1 /* AppLoadingView.swift in Sources */ = {isa = PBXBuildFile; fileRef = C2B3C8F325FB689200E499E1 /* AppLoadingView.swift */; };
		C2B3C8FF25FB6F1700E499E1 /* AppError.swift in Sources */ = {isa = PBXBuildFile; fileRef = C2B3C8FE25FB6F1700E499E1 /* AppError.swift */; };
		C2B3C92125FB70EE00E499E1 /* UIViewControllerExtension.swift in Sources */ = {isa = PBXBuildFile; fileRef = C2B3C92025FB70EE00E499E1 /* UIViewControllerExtension.swift */; };
		C2C350E525FA131700125F3F /* AppDelegate.swift in Sources */ = {isa = PBXBuildFile; fileRef = C2C350E425FA131700125F3F /* AppDelegate.swift */; };
		C2C350E725FA131700125F3F /* SceneDelegate.swift in Sources */ = {isa = PBXBuildFile; fileRef = C2C350E625FA131700125F3F /* SceneDelegate.swift */; };
		C2C350EE25FA131A00125F3F /* Assets.xcassets in Resources */ = {isa = PBXBuildFile; fileRef = C2C350ED25FA131A00125F3F /* Assets.xcassets */; };
		C2C350F125FA131A00125F3F /* LaunchScreen.storyboard in Resources */ = {isa = PBXBuildFile; fileRef = C2C350EF25FA131A00125F3F /* LaunchScreen.storyboard */; };
		C2C3512325FA154100125F3F /* EncodableExtension.swift in Sources */ = {isa = PBXBuildFile; fileRef = C2C3510125FA154100125F3F /* EncodableExtension.swift */; };
		C2C3512425FA154100125F3F /* ArrayExtension.swift in Sources */ = {isa = PBXBuildFile; fileRef = C2C3510225FA154100125F3F /* ArrayExtension.swift */; };
		C2C3512525FA154100125F3F /* UIStackViewExtension.swift in Sources */ = {isa = PBXBuildFile; fileRef = C2C3510325FA154100125F3F /* UIStackViewExtension.swift */; };
		C2C3512625FA154100125F3F /* URLExtension+KingFisher.swift in Sources */ = {isa = PBXBuildFile; fileRef = C2C3510425FA154100125F3F /* URLExtension+KingFisher.swift */; };
		C2C3512725FA154100125F3F /* StringExtension.swift in Sources */ = {isa = PBXBuildFile; fileRef = C2C3510525FA154100125F3F /* StringExtension.swift */; };
		C2C3512825FA154100125F3F /* DateExtension.swift in Sources */ = {isa = PBXBuildFile; fileRef = C2C3510625FA154100125F3F /* DateExtension.swift */; };
		C2C3512925FA154100125F3F /* LayoutTool.swift in Sources */ = {isa = PBXBuildFile; fileRef = C2C3510825FA154100125F3F /* LayoutTool.swift */; };
		C2C3512A25FA154100125F3F /* NetworkServiceProvider.swift in Sources */ = {isa = PBXBuildFile; fileRef = C2C3510A25FA154100125F3F /* NetworkServiceProvider.swift */; };
		C2C3512B25FA154100125F3F /* NetworkService.swift in Sources */ = {isa = PBXBuildFile; fileRef = C2C3510B25FA154100125F3F /* NetworkService.swift */; };
		C2C3512C25FA154100125F3F /* LayoutStackView.swift in Sources */ = {isa = PBXBuildFile; fileRef = C2C3510E25FA154100125F3F /* LayoutStackView.swift */; };
		C2C3512D25FA154100125F3F /* LayoutScrollView.swift in Sources */ = {isa = PBXBuildFile; fileRef = C2C3510F25FA154100125F3F /* LayoutScrollView.swift */; };
		C2C3512E25FA154100125F3F /* LayoutButton.swift in Sources */ = {isa = PBXBuildFile; fileRef = C2C3511025FA154100125F3F /* LayoutButton.swift */; };
		C2C3512F25FA154100125F3F /* LayoutImageView.swift in Sources */ = {isa = PBXBuildFile; fileRef = C2C3511125FA154100125F3F /* LayoutImageView.swift */; };
		C2C3513025FA154100125F3F /* LayoutView.swift in Sources */ = {isa = PBXBuildFile; fileRef = C2C3511225FA154100125F3F /* LayoutView.swift */; };
		C2C3513125FA154100125F3F /* LayoutTextField.swift in Sources */ = {isa = PBXBuildFile; fileRef = C2C3511325FA154100125F3F /* LayoutTextField.swift */; };
		C2C3513225FA154100125F3F /* LayoutTextView.swift in Sources */ = {isa = PBXBuildFile; fileRef = C2C3511425FA154100125F3F /* LayoutTextView.swift */; };
		C2C3513325FA154100125F3F /* LayoutLabel.swift in Sources */ = {isa = PBXBuildFile; fileRef = C2C3511525FA154100125F3F /* LayoutLabel.swift */; };
		C2C3513425FA154100125F3F /* BasedTableViewCell.swift in Sources */ = {isa = PBXBuildFile; fileRef = C2C3511725FA154100125F3F /* BasedTableViewCell.swift */; };
		C2C3513525FA154100125F3F /* BasedCollectionViewCell.swift in Sources */ = {isa = PBXBuildFile; fileRef = C2C3511825FA154100125F3F /* BasedCollectionViewCell.swift */; };
		C2C3513625FA154100125F3F /* BasedView.swift in Sources */ = {isa = PBXBuildFile; fileRef = C2C3511925FA154100125F3F /* BasedView.swift */; };
		C2C3513725FA154100125F3F /* AutoDisposer.swift in Sources */ = {isa = PBXBuildFile; fileRef = C2C3511B25FA154100125F3F /* AutoDisposer.swift */; };
		C2C3513825FA154100125F3F /* Gender.swift in Sources */ = {isa = PBXBuildFile; fileRef = C2C3511E25FA154100125F3F /* Gender.swift */; };
		C2C3513925FA154100125F3F /* Constellation.swift in Sources */ = {isa = PBXBuildFile; fileRef = C2C3511F25FA154100125F3F /* Constellation.swift */; };
		C2C3513A25FA154100125F3F /* BasedViewController.swift in Sources */ = {isa = PBXBuildFile; fileRef = C2C3512125FA154100125F3F /* BasedViewController.swift */; };
		C2C3513B25FA154100125F3F /* BasedViewModel.swift in Sources */ = {isa = PBXBuildFile; fileRef = C2C3512225FA154100125F3F /* BasedViewModel.swift */; };
		C2C3517825FA731800125F3F /* OpenSeaAPI.swift in Sources */ = {isa = PBXBuildFile; fileRef = C2C3517725FA731800125F3F /* OpenSeaAPI.swift */; };
		C2C3518125FB06CA00125F3F /* AssetListViewController.swift in Sources */ = {isa = PBXBuildFile; fileRef = C2C3518025FB06CA00125F3F /* AssetListViewController.swift */; };
		C2C3518525FB06D700125F3F /* AssetListViewModel.swift in Sources */ = {isa = PBXBuildFile; fileRef = C2C3518425FB06D700125F3F /* AssetListViewModel.swift */; };
		C2D350DC25FB28D80041ADC1 /* Asset.swift in Sources */ = {isa = PBXBuildFile; fileRef = C2D350DB25FB28D80041ADC1 /* Asset.swift */; };
		C2D3511A25FB44A00041ADC1 /* AssetListCollectionViewCell.swift in Sources */ = {isa = PBXBuildFile; fileRef = C2D3511925FB44A00041ADC1 /* AssetListCollectionViewCell.swift */; };
		C2D3513C25FB52900041ADC1 /* AssetViewController.swift in Sources */ = {isa = PBXBuildFile; fileRef = C2D3513B25FB52900041ADC1 /* AssetViewController.swift */; };
		C2D3514025FB52B50041ADC1 /* AssetViewModel.swift in Sources */ = {isa = PBXBuildFile; fileRef = C2D3513F25FB52B50041ADC1 /* AssetViewModel.swift */; };
/* End PBXBuildFile section */

/* Begin PBXFileReference section */
		28E5672C80909976C7CEB282 /* Pods_Portto.framework */ = {isa = PBXFileReference; explicitFileType = wrapper.framework; includeInIndex = 0; path = Pods_Portto.framework; sourceTree = BUILT_PRODUCTS_DIR; };
		C2B3C8EE25FB686400E499E1 /* loading.json */ = {isa = PBXFileReference; fileEncoding = 4; lastKnownFileType = text.json; path = loading.json; sourceTree = "<group>"; };
		C2B3C8F325FB689200E499E1 /* AppLoadingView.swift */ = {isa = PBXFileReference; fileEncoding = 4; lastKnownFileType = sourcecode.swift; path = AppLoadingView.swift; sourceTree = "<group>"; };
		C2B3C8FE25FB6F1700E499E1 /* AppError.swift */ = {isa = PBXFileReference; fileEncoding = 4; lastKnownFileType = sourcecode.swift; path = AppError.swift; sourceTree = "<group>"; };
		C2B3C92025FB70EE00E499E1 /* UIViewControllerExtension.swift */ = {isa = PBXFileReference; fileEncoding = 4; lastKnownFileType = sourcecode.swift; path = UIViewControllerExtension.swift; sourceTree = "<group>"; };
		C2C350E125FA131700125F3F /* Portto.app */ = {isa = PBXFileReference; explicitFileType = wrapper.application; includeInIndex = 0; path = Portto.app; sourceTree = BUILT_PRODUCTS_DIR; };
		C2C350E425FA131700125F3F /* AppDelegate.swift */ = {isa = PBXFileReference; lastKnownFileType = sourcecode.swift; path = AppDelegate.swift; sourceTree = "<group>"; };
		C2C350E625FA131700125F3F /* SceneDelegate.swift */ = {isa = PBXFileReference; lastKnownFileType = sourcecode.swift; path = SceneDelegate.swift; sourceTree = "<group>"; };
		C2C350ED25FA131A00125F3F /* Assets.xcassets */ = {isa = PBXFileReference; lastKnownFileType = folder.assetcatalog; path = Assets.xcassets; sourceTree = "<group>"; };
		C2C350F025FA131A00125F3F /* Base */ = {isa = PBXFileReference; lastKnownFileType = file.storyboard; name = Base; path = Base.lproj/LaunchScreen.storyboard; sourceTree = "<group>"; };
		C2C350F225FA131A00125F3F /* Info.plist */ = {isa = PBXFileReference; lastKnownFileType = text.plist.xml; path = Info.plist; sourceTree = "<group>"; };
		C2C3510125FA154100125F3F /* EncodableExtension.swift */ = {isa = PBXFileReference; fileEncoding = 4; lastKnownFileType = sourcecode.swift; path = EncodableExtension.swift; sourceTree = "<group>"; };
		C2C3510225FA154100125F3F /* ArrayExtension.swift */ = {isa = PBXFileReference; fileEncoding = 4; lastKnownFileType = sourcecode.swift; path = ArrayExtension.swift; sourceTree = "<group>"; };
		C2C3510325FA154100125F3F /* UIStackViewExtension.swift */ = {isa = PBXFileReference; fileEncoding = 4; lastKnownFileType = sourcecode.swift; path = UIStackViewExtension.swift; sourceTree = "<group>"; };
		C2C3510425FA154100125F3F /* URLExtension+KingFisher.swift */ = {isa = PBXFileReference; fileEncoding = 4; lastKnownFileType = sourcecode.swift; path = "URLExtension+KingFisher.swift"; sourceTree = "<group>"; };
		C2C3510525FA154100125F3F /* StringExtension.swift */ = {isa = PBXFileReference; fileEncoding = 4; lastKnownFileType = sourcecode.swift; path = StringExtension.swift; sourceTree = "<group>"; };
		C2C3510625FA154100125F3F /* DateExtension.swift */ = {isa = PBXFileReference; fileEncoding = 4; lastKnownFileType = sourcecode.swift; path = DateExtension.swift; sourceTree = "<group>"; };
		C2C3510825FA154100125F3F /* LayoutTool.swift */ = {isa = PBXFileReference; fileEncoding = 4; lastKnownFileType = sourcecode.swift; path = LayoutTool.swift; sourceTree = "<group>"; };
		C2C3510A25FA154100125F3F /* NetworkServiceProvider.swift */ = {isa = PBXFileReference; fileEncoding = 4; lastKnownFileType = sourcecode.swift; path = NetworkServiceProvider.swift; sourceTree = "<group>"; };
		C2C3510B25FA154100125F3F /* NetworkService.swift */ = {isa = PBXFileReference; fileEncoding = 4; lastKnownFileType = sourcecode.swift; path = NetworkService.swift; sourceTree = "<group>"; };
		C2C3510E25FA154100125F3F /* LayoutStackView.swift */ = {isa = PBXFileReference; fileEncoding = 4; lastKnownFileType = sourcecode.swift; path = LayoutStackView.swift; sourceTree = "<group>"; };
		C2C3510F25FA154100125F3F /* LayoutScrollView.swift */ = {isa = PBXFileReference; fileEncoding = 4; lastKnownFileType = sourcecode.swift; path = LayoutScrollView.swift; sourceTree = "<group>"; };
		C2C3511025FA154100125F3F /* LayoutButton.swift */ = {isa = PBXFileReference; fileEncoding = 4; lastKnownFileType = sourcecode.swift; path = LayoutButton.swift; sourceTree = "<group>"; };
		C2C3511125FA154100125F3F /* LayoutImageView.swift */ = {isa = PBXFileReference; fileEncoding = 4; lastKnownFileType = sourcecode.swift; path = LayoutImageView.swift; sourceTree = "<group>"; };
		C2C3511225FA154100125F3F /* LayoutView.swift */ = {isa = PBXFileReference; fileEncoding = 4; lastKnownFileType = sourcecode.swift; path = LayoutView.swift; sourceTree = "<group>"; };
		C2C3511325FA154100125F3F /* LayoutTextField.swift */ = {isa = PBXFileReference; fileEncoding = 4; lastKnownFileType = sourcecode.swift; path = LayoutTextField.swift; sourceTree = "<group>"; };
		C2C3511425FA154100125F3F /* LayoutTextView.swift */ = {isa = PBXFileReference; fileEncoding = 4; lastKnownFileType = sourcecode.swift; path = LayoutTextView.swift; sourceTree = "<group>"; };
		C2C3511525FA154100125F3F /* LayoutLabel.swift */ = {isa = PBXFileReference; fileEncoding = 4; lastKnownFileType = sourcecode.swift; path = LayoutLabel.swift; sourceTree = "<group>"; };
		C2C3511725FA154100125F3F /* BasedTableViewCell.swift */ = {isa = PBXFileReference; fileEncoding = 4; lastKnownFileType = sourcecode.swift; path = BasedTableViewCell.swift; sourceTree = "<group>"; };
		C2C3511825FA154100125F3F /* BasedCollectionViewCell.swift */ = {isa = PBXFileReference; fileEncoding = 4; lastKnownFileType = sourcecode.swift; path = BasedCollectionViewCell.swift; sourceTree = "<group>"; };
		C2C3511925FA154100125F3F /* BasedView.swift */ = {isa = PBXFileReference; fileEncoding = 4; lastKnownFileType = sourcecode.swift; path = BasedView.swift; sourceTree = "<group>"; };
		C2C3511B25FA154100125F3F /* AutoDisposer.swift */ = {isa = PBXFileReference; fileEncoding = 4; lastKnownFileType = sourcecode.swift; path = AutoDisposer.swift; sourceTree = "<group>"; };
		C2C3511E25FA154100125F3F /* Gender.swift */ = {isa = PBXFileReference; fileEncoding = 4; lastKnownFileType = sourcecode.swift; path = Gender.swift; sourceTree = "<group>"; };
		C2C3511F25FA154100125F3F /* Constellation.swift */ = {isa = PBXFileReference; fileEncoding = 4; lastKnownFileType = sourcecode.swift; path = Constellation.swift; sourceTree = "<group>"; };
		C2C3512125FA154100125F3F /* BasedViewController.swift */ = {isa = PBXFileReference; fileEncoding = 4; lastKnownFileType = sourcecode.swift; path = BasedViewController.swift; sourceTree = "<group>"; };
		C2C3512225FA154100125F3F /* BasedViewModel.swift */ = {isa = PBXFileReference; fileEncoding = 4; lastKnownFileType = sourcecode.swift; path = BasedViewModel.swift; sourceTree = "<group>"; };
		C2C3517725FA731800125F3F /* OpenSeaAPI.swift */ = {isa = PBXFileReference; lastKnownFileType = sourcecode.swift; path = OpenSeaAPI.swift; sourceTree = "<group>"; };
		C2C3518025FB06CA00125F3F /* AssetListViewController.swift */ = {isa = PBXFileReference; lastKnownFileType = sourcecode.swift; path = AssetListViewController.swift; sourceTree = "<group>"; };
		C2C3518425FB06D700125F3F /* AssetListViewModel.swift */ = {isa = PBXFileReference; lastKnownFileType = sourcecode.swift; path = AssetListViewModel.swift; sourceTree = "<group>"; };
		C2D350DB25FB28D80041ADC1 /* Asset.swift */ = {isa = PBXFileReference; lastKnownFileType = sourcecode.swift; path = Asset.swift; sourceTree = "<group>"; };
		C2D3511925FB44A00041ADC1 /* AssetListCollectionViewCell.swift */ = {isa = PBXFileReference; lastKnownFileType = sourcecode.swift; path = AssetListCollectionViewCell.swift; sourceTree = "<group>"; };
		C2D3513B25FB52900041ADC1 /* AssetViewController.swift */ = {isa = PBXFileReference; lastKnownFileType = sourcecode.swift; path = AssetViewController.swift; sourceTree = "<group>"; };
		C2D3513F25FB52B50041ADC1 /* AssetViewModel.swift */ = {isa = PBXFileReference; lastKnownFileType = sourcecode.swift; path = AssetViewModel.swift; sourceTree = "<group>"; };
		EEBFEFBBD1DBE63863683090 /* Pods-Portto.release.xcconfig */ = {isa = PBXFileReference; includeInIndex = 1; lastKnownFileType = text.xcconfig; name = "Pods-Portto.release.xcconfig"; path = "Target Support Files/Pods-Portto/Pods-Portto.release.xcconfig"; sourceTree = "<group>"; };
		FB76151615913DA39792C992 /* Pods-Portto.debug.xcconfig */ = {isa = PBXFileReference; includeInIndex = 1; lastKnownFileType = text.xcconfig; name = "Pods-Portto.debug.xcconfig"; path = "Target Support Files/Pods-Portto/Pods-Portto.debug.xcconfig"; sourceTree = "<group>"; };
/* End PBXFileReference section */

/* Begin PBXFrameworksBuildPhase section */
		C2C350DE25FA131700125F3F /* Frameworks */ = {
			isa = PBXFrameworksBuildPhase;
			buildActionMask = 2147483647;
			files = (
				48EBFEDAB7FE0F9321C3A8F6 /* Pods_Portto.framework in Frameworks */,
			);
			runOnlyForDeploymentPostprocessing = 0;
		};
/* End PBXFrameworksBuildPhase section */

/* Begin PBXGroup section */
		B561BC8132F11204BBADE1EE /* Pods */ = {
			isa = PBXGroup;
			children = (
				FB76151615913DA39792C992 /* Pods-Portto.debug.xcconfig */,
				EEBFEFBBD1DBE63863683090 /* Pods-Portto.release.xcconfig */,
			);
			path = Pods;
			sourceTree = "<group>";
		};
		C2B3C8EC25FB683C00E499E1 /* Resources */ = {
			isa = PBXGroup;
			children = (
				C2B3C8ED25FB686400E499E1 /* Lottie */,
				C2C350ED25FA131A00125F3F /* Assets.xcassets */,
			);
			path = Resources;
			sourceTree = "<group>";
		};
		C2B3C8ED25FB686400E499E1 /* Lottie */ = {
			isa = PBXGroup;
			children = (
				C2B3C8EE25FB686400E499E1 /* loading.json */,
			);
			path = Lottie;
			sourceTree = "<group>";
		};
		C2B3C8F125FB686C00E499E1 /* Views */ = {
			isa = PBXGroup;
			children = (
				C2B3C8F225FB689200E499E1 /* AppLoadingview */,
			);
			path = Views;
			sourceTree = "<group>";
		};
		C2B3C8F225FB689200E499E1 /* AppLoadingview */ = {
			isa = PBXGroup;
			children = (
				C2B3C8F325FB689200E499E1 /* AppLoadingView.swift */,
			);
			path = AppLoadingview;
			sourceTree = "<group>";
		};
		C2B3C8FD25FB6F1700E499E1 /* AppError */ = {
			isa = PBXGroup;
			children = (
				C2B3C8FE25FB6F1700E499E1 /* AppError.swift */,
			);
			path = AppError;
			sourceTree = "<group>";
		};
		C2B3C91F25FB70EE00E499E1 /* Extensions */ = {
			isa = PBXGroup;
			children = (
				C2B3C92025FB70EE00E499E1 /* UIViewControllerExtension.swift */,
			);
			path = Extensions;
			sourceTree = "<group>";
		};
		C2C350D825FA131700125F3F = {
			isa = PBXGroup;
			children = (
				C2C350E325FA131700125F3F /* Portto */,
				C2C350E225FA131700125F3F /* Products */,
				B561BC8132F11204BBADE1EE /* Pods */,
				F23EECDC338F0055C4F01DB3 /* Frameworks */,
			);
			sourceTree = "<group>";
		};
		C2C350E225FA131700125F3F /* Products */ = {
			isa = PBXGroup;
			children = (
				C2C350E125FA131700125F3F /* Portto.app */,
			);
			name = Products;
			sourceTree = "<group>";
		};
		C2C350E325FA131700125F3F /* Portto */ = {
			isa = PBXGroup;
			children = (
				C2C350FF25FA154100125F3F /* ShaneToolbox */,
				C2C3514B25FA168D00125F3F /* Common */,
				C2C350E425FA131700125F3F /* AppDelegate.swift */,
				C2C350E625FA131700125F3F /* SceneDelegate.swift */,
				C2C3513D25FA159A00125F3F /* ViewControllers */,
				C2B3C8EC25FB683C00E499E1 /* Resources */,
				C2C350EF25FA131A00125F3F /* LaunchScreen.storyboard */,
				C2C350F225FA131A00125F3F /* Info.plist */,
			);
			path = Portto;
			sourceTree = "<group>";
		};
		C2C350FF25FA154100125F3F /* ShaneToolbox */ = {
			isa = PBXGroup;
			children = (
				C2C3510025FA154100125F3F /* Extension */,
				C2C3510725FA154100125F3F /* LayoutTool */,
				C2C3510925FA154100125F3F /* Network */,
				C2C3510C25FA154100125F3F /* View */,
				C2C3511A25FA154100125F3F /* AutoDisposer */,
				C2C3511C25FA154100125F3F /* DataModel */,
				C2C3512025FA154100125F3F /* MVVM */,
			);
			path = ShaneToolbox;
			sourceTree = "<group>";
		};
		C2C3510025FA154100125F3F /* Extension */ = {
			isa = PBXGroup;
			children = (
				C2C3510125FA154100125F3F /* EncodableExtension.swift */,
				C2C3510225FA154100125F3F /* ArrayExtension.swift */,
				C2C3510325FA154100125F3F /* UIStackViewExtension.swift */,
				C2C3510425FA154100125F3F /* URLExtension+KingFisher.swift */,
				C2C3510525FA154100125F3F /* StringExtension.swift */,
				C2C3510625FA154100125F3F /* DateExtension.swift */,
			);
			path = Extension;
			sourceTree = "<group>";
		};
		C2C3510725FA154100125F3F /* LayoutTool */ = {
			isa = PBXGroup;
			children = (
				C2C3510825FA154100125F3F /* LayoutTool.swift */,
			);
			path = LayoutTool;
			sourceTree = "<group>";
		};
		C2C3510925FA154100125F3F /* Network */ = {
			isa = PBXGroup;
			children = (
				C2C3510A25FA154100125F3F /* NetworkServiceProvider.swift */,
				C2C3510B25FA154100125F3F /* NetworkService.swift */,
			);
			path = Network;
			sourceTree = "<group>";
		};
		C2C3510C25FA154100125F3F /* View */ = {
			isa = PBXGroup;
			children = (
				C2C3510D25FA154100125F3F /* Layout */,
				C2C3511625FA154100125F3F /* Based */,
			);
			path = View;
			sourceTree = "<group>";
		};
		C2C3510D25FA154100125F3F /* Layout */ = {
			isa = PBXGroup;
			children = (
				C2C3510E25FA154100125F3F /* LayoutStackView.swift */,
				C2C3510F25FA154100125F3F /* LayoutScrollView.swift */,
				C2C3511025FA154100125F3F /* LayoutButton.swift */,
				C2C3511125FA154100125F3F /* LayoutImageView.swift */,
				C2C3511225FA154100125F3F /* LayoutView.swift */,
				C2C3511325FA154100125F3F /* LayoutTextField.swift */,
				C2C3511425FA154100125F3F /* LayoutTextView.swift */,
				C2C3511525FA154100125F3F /* LayoutLabel.swift */,
			);
			path = Layout;
			sourceTree = "<group>";
		};
		C2C3511625FA154100125F3F /* Based */ = {
			isa = PBXGroup;
			children = (
				C2C3511725FA154100125F3F /* BasedTableViewCell.swift */,
				C2C3511825FA154100125F3F /* BasedCollectionViewCell.swift */,
				C2C3511925FA154100125F3F /* BasedView.swift */,
			);
			path = Based;
			sourceTree = "<group>";
		};
		C2C3511A25FA154100125F3F /* AutoDisposer */ = {
			isa = PBXGroup;
			children = (
				C2C3511B25FA154100125F3F /* AutoDisposer.swift */,
			);
			path = AutoDisposer;
			sourceTree = "<group>";
		};
		C2C3511C25FA154100125F3F /* DataModel */ = {
			isa = PBXGroup;
			children = (
				C2C3511D25FA154100125F3F /* Member */,
			);
			path = DataModel;
			sourceTree = "<group>";
		};
		C2C3511D25FA154100125F3F /* Member */ = {
			isa = PBXGroup;
			children = (
				C2C3511E25FA154100125F3F /* Gender.swift */,
				C2C3511F25FA154100125F3F /* Constellation.swift */,
			);
			path = Member;
			sourceTree = "<group>";
		};
		C2C3512025FA154100125F3F /* MVVM */ = {
			isa = PBXGroup;
			children = (
				C2C3512125FA154100125F3F /* BasedViewController.swift */,
				C2C3512225FA154100125F3F /* BasedViewModel.swift */,
			);
			path = MVVM;
			sourceTree = "<group>";
		};
		C2C3513D25FA159A00125F3F /* ViewControllers */ = {
			isa = PBXGroup;
			children = (
				C2C3517F25FB06B700125F3F /* AssetList */,
				C2D3513A25FB51AA0041ADC1 /* Asset */,
			);
			path = ViewControllers;
			sourceTree = "<group>";
		};
		C2C3514B25FA168D00125F3F /* Common */ = {
			isa = PBXGroup;
			children = (
				C2B3C91F25FB70EE00E499E1 /* Extensions */,
				C2B3C8FD25FB6F1700E499E1 /* AppError */,
				C2B3C8F125FB686C00E499E1 /* Views */,
				C2D350DA25FB28C60041ADC1 /* Models */,
				C2C3517625FA72FA00125F3F /* NetworkAPI */,
			);
			path = Common;
			sourceTree = "<group>";
		};
		C2C3517625FA72FA00125F3F /* NetworkAPI */ = {
			isa = PBXGroup;
			children = (
				C2C3517725FA731800125F3F /* OpenSeaAPI.swift */,
			);
			path = NetworkAPI;
			sourceTree = "<group>";
		};
		C2C3517F25FB06B700125F3F /* AssetList */ = {
			isa = PBXGroup;
			children = (
				C2C3518025FB06CA00125F3F /* AssetListViewController.swift */,
				C2C3518425FB06D700125F3F /* AssetListViewModel.swift */,
				C2D3511825FB44780041ADC1 /* Views */,
			);
			path = AssetList;
			sourceTree = "<group>";
		};
		C2D350DA25FB28C60041ADC1 /* Models */ = {
			isa = PBXGroup;
			children = (
				C2D350DB25FB28D80041ADC1 /* Asset.swift */,
			);
			path = Models;
			sourceTree = "<group>";
		};
		C2D3511825FB44780041ADC1 /* Views */ = {
			isa = PBXGroup;
			children = (
				C2D3511925FB44A00041ADC1 /* AssetListCollectionViewCell.swift */,
			);
			path = Views;
			sourceTree = "<group>";
		};
		C2D3513A25FB51AA0041ADC1 /* Asset */ = {
			isa = PBXGroup;
			children = (
				C2D3513B25FB52900041ADC1 /* AssetViewController.swift */,
				C2D3513F25FB52B50041ADC1 /* AssetViewModel.swift */,
			);
			path = Asset;
			sourceTree = "<group>";
		};
		F23EECDC338F0055C4F01DB3 /* Frameworks */ = {
			isa = PBXGroup;
			children = (
				28E5672C80909976C7CEB282 /* Pods_Portto.framework */,
			);
			name = Frameworks;
			sourceTree = "<group>";
		};
/* End PBXGroup section */

/* Begin PBXNativeTarget section */
		C2C350E025FA131700125F3F /* Portto */ = {
			isa = PBXNativeTarget;
			buildConfigurationList = C2C350F525FA131A00125F3F /* Build configuration list for PBXNativeTarget "Portto" */;
			buildPhases = (
				CCC63DABA3C0DFEBA42FD921 /* [CP] Check Pods Manifest.lock */,
				C2C350DD25FA131700125F3F /* Sources */,
				C2C350DE25FA131700125F3F /* Frameworks */,
				C2C350DF25FA131700125F3F /* Resources */,
				859AC5F509AE4E84E18CED9B /* [CP] Embed Pods Frameworks */,
			);
			buildRules = (
			);
			dependencies = (
			);
			name = Portto;
			productName = Portto;
			productReference = C2C350E125FA131700125F3F /* Portto.app */;
			productType = "com.apple.product-type.application";
		};
/* End PBXNativeTarget section */

/* Begin PBXProject section */
		C2C350D925FA131700125F3F /* Project object */ = {
			isa = PBXProject;
			attributes = {
				LastSwiftUpdateCheck = 1240;
				LastUpgradeCheck = 1240;
				TargetAttributes = {
					C2C350E025FA131700125F3F = {
						CreatedOnToolsVersion = 12.4;
					};
				};
			};
			buildConfigurationList = C2C350DC25FA131700125F3F /* Build configuration list for PBXProject "Portto" */;
			compatibilityVersion = "Xcode 9.3";
			developmentRegion = en;
			hasScannedForEncodings = 0;
			knownRegions = (
				en,
				Base,
			);
			mainGroup = C2C350D825FA131700125F3F;
			productRefGroup = C2C350E225FA131700125F3F /* Products */;
			projectDirPath = "";
			projectRoot = "";
			targets = (
				C2C350E025FA131700125F3F /* Portto */,
			);
		};
/* End PBXProject section */

/* Begin PBXResourcesBuildPhase section */
		C2C350DF25FA131700125F3F /* Resources */ = {
			isa = PBXResourcesBuildPhase;
			buildActionMask = 2147483647;
			files = (
				C2C350F125FA131A00125F3F /* LaunchScreen.storyboard in Resources */,
				C2C350EE25FA131A00125F3F /* Assets.xcassets in Resources */,
				C2B3C8EF25FB686400E499E1 /* loading.json in Resources */,
			);
			runOnlyForDeploymentPostprocessing = 0;
		};
/* End PBXResourcesBuildPhase section */

/* Begin PBXShellScriptBuildPhase section */
		859AC5F509AE4E84E18CED9B /* [CP] Embed Pods Frameworks */ = {
			isa = PBXShellScriptBuildPhase;
			buildActionMask = 2147483647;
			files = (
			);
			inputFileListPaths = (
				"${PODS_ROOT}/Target Support Files/Pods-Portto/Pods-Portto-frameworks-${CONFIGURATION}-input-files.xcfilelist",
			);
			name = "[CP] Embed Pods Frameworks";
			outputFileListPaths = (
				"${PODS_ROOT}/Target Support Files/Pods-Portto/Pods-Portto-frameworks-${CONFIGURATION}-output-files.xcfilelist",
			);
			runOnlyForDeploymentPostprocessing = 0;
			shellPath = /bin/sh;
			shellScript = "\"${PODS_ROOT}/Target Support Files/Pods-Portto/Pods-Portto-frameworks.sh\"\n";
			showEnvVarsInLog = 0;
		};
		CCC63DABA3C0DFEBA42FD921 /* [CP] Check Pods Manifest.lock */ = {
			isa = PBXShellScriptBuildPhase;
			buildActionMask = 2147483647;
			files = (
			);
			inputFileListPaths = (
			);
			inputPaths = (
				"${PODS_PODFILE_DIR_PATH}/Podfile.lock",
				"${PODS_ROOT}/Manifest.lock",
			);
			name = "[CP] Check Pods Manifest.lock";
			outputFileListPaths = (
			);
			outputPaths = (
				"$(DERIVED_FILE_DIR)/Pods-Portto-checkManifestLockResult.txt",
			);
			runOnlyForDeploymentPostprocessing = 0;
			shellPath = /bin/sh;
			shellScript = "diff \"${PODS_PODFILE_DIR_PATH}/Podfile.lock\" \"${PODS_ROOT}/Manifest.lock\" > /dev/null\nif [ $? != 0 ] ; then\n    # print error to STDERR\n    echo \"error: The sandbox is not in sync with the Podfile.lock. Run 'pod install' or update your CocoaPods installation.\" >&2\n    exit 1\nfi\n# This output is used by Xcode 'outputs' to avoid re-running this script phase.\necho \"SUCCESS\" > \"${SCRIPT_OUTPUT_FILE_0}\"\n";
			showEnvVarsInLog = 0;
		};
/* End PBXShellScriptBuildPhase section */

/* Begin PBXSourcesBuildPhase section */
		C2C350DD25FA131700125F3F /* Sources */ = {
			isa = PBXSourcesBuildPhase;
			buildActionMask = 2147483647;
			files = (
				C2C3512625FA154100125F3F /* URLExtension+KingFisher.swift in Sources */,
				C2C3512925FA154100125F3F /* LayoutTool.swift in Sources */,
				C2C3513325FA154100125F3F /* LayoutLabel.swift in Sources */,
				C2C3512C25FA154100125F3F /* LayoutStackView.swift in Sources */,
				C2C3512425FA154100125F3F /* ArrayExtension.swift in Sources */,
				C2C3512525FA154100125F3F /* UIStackViewExtension.swift in Sources */,
				C2C3518125FB06CA00125F3F /* AssetListViewController.swift in Sources */,
				C2C3518525FB06D700125F3F /* AssetListViewModel.swift in Sources */,
				C2D350DC25FB28D80041ADC1 /* Asset.swift in Sources */,
				C2C3513B25FA154100125F3F /* BasedViewModel.swift in Sources */,
				C2C3513525FA154100125F3F /* BasedCollectionViewCell.swift in Sources */,
				C2C3517825FA731800125F3F /* OpenSeaAPI.swift in Sources */,
				C2C3513725FA154100125F3F /* AutoDisposer.swift in Sources */,
				C2C3513425FA154100125F3F /* BasedTableViewCell.swift in Sources */,
				C2C3512E25FA154100125F3F /* LayoutButton.swift in Sources */,
				C2C3513825FA154100125F3F /* Gender.swift in Sources */,
				C2D3513C25FB52900041ADC1 /* AssetViewController.swift in Sources */,
				C2C3513625FA154100125F3F /* BasedView.swift in Sources */,
				C2C3512825FA154100125F3F /* DateExtension.swift in Sources */,
				C2C3512D25FA154100125F3F /* LayoutScrollView.swift in Sources */,
				C2B3C8FF25FB6F1700E499E1 /* AppError.swift in Sources */,
				C2C3512725FA154100125F3F /* StringExtension.swift in Sources */,
				C2C3512325FA154100125F3F /* EncodableExtension.swift in Sources */,
				C2C3513125FA154100125F3F /* LayoutTextField.swift in Sources */,
				C2B3C92125FB70EE00E499E1 /* UIViewControllerExtension.swift in Sources */,
				C2C350E525FA131700125F3F /* AppDelegate.swift in Sources */,
				C2B3C8F425FB689200E499E1 /* AppLoadingView.swift in Sources */,
				C2C3512F25FA154100125F3F /* LayoutImageView.swift in Sources */,
				C2C3512A25FA154100125F3F /* NetworkServiceProvider.swift in Sources */,
				C2C3512B25FA154100125F3F /* NetworkService.swift in Sources */,
				C2C350E725FA131700125F3F /* SceneDelegate.swift in Sources */,
				C2C3513925FA154100125F3F /* Constellation.swift in Sources */,
				C2C3513A25FA154100125F3F /* BasedViewController.swift in Sources */,
				C2D3511A25FB44A00041ADC1 /* AssetListCollectionViewCell.swift in Sources */,
				C2D3514025FB52B50041ADC1 /* AssetViewModel.swift in Sources */,
				C2C3513025FA154100125F3F /* LayoutView.swift in Sources */,
				C2C3513225FA154100125F3F /* LayoutTextView.swift in Sources */,
			);
			runOnlyForDeploymentPostprocessing = 0;
		};
/* End PBXSourcesBuildPhase section */

/* Begin PBXVariantGroup section */
		C2C350EF25FA131A00125F3F /* LaunchScreen.storyboard */ = {
			isa = PBXVariantGroup;
			children = (
				C2C350F025FA131A00125F3F /* Base */,
			);
			name = LaunchScreen.storyboard;
			sourceTree = "<group>";
		};
/* End PBXVariantGroup section */

/* Begin XCBuildConfiguration section */
		C2C350F325FA131A00125F3F /* Debug */ = {
			isa = XCBuildConfiguration;
			buildSettings = {
				ALWAYS_SEARCH_USER_PATHS = NO;
				CLANG_ANALYZER_NONNULL = YES;
				CLANG_ANALYZER_NUMBER_OBJECT_CONVERSION = YES_AGGRESSIVE;
				CLANG_CXX_LANGUAGE_STANDARD = "gnu++14";
				CLANG_CXX_LIBRARY = "libc++";
				CLANG_ENABLE_MODULES = YES;
				CLANG_ENABLE_OBJC_ARC = YES;
				CLANG_ENABLE_OBJC_WEAK = YES;
				CLANG_WARN_BLOCK_CAPTURE_AUTORELEASING = YES;
				CLANG_WARN_BOOL_CONVERSION = YES;
				CLANG_WARN_COMMA = YES;
				CLANG_WARN_CONSTANT_CONVERSION = YES;
				CLANG_WARN_DEPRECATED_OBJC_IMPLEMENTATIONS = YES;
				CLANG_WARN_DIRECT_OBJC_ISA_USAGE = YES_ERROR;
				CLANG_WARN_DOCUMENTATION_COMMENTS = YES;
				CLANG_WARN_EMPTY_BODY = YES;
				CLANG_WARN_ENUM_CONVERSION = YES;
				CLANG_WARN_INFINITE_RECURSION = YES;
				CLANG_WARN_INT_CONVERSION = YES;
				CLANG_WARN_NON_LITERAL_NULL_CONVERSION = YES;
				CLANG_WARN_OBJC_IMPLICIT_RETAIN_SELF = YES;
				CLANG_WARN_OBJC_LITERAL_CONVERSION = YES;
				CLANG_WARN_OBJC_ROOT_CLASS = YES_ERROR;
				CLANG_WARN_QUOTED_INCLUDE_IN_FRAMEWORK_HEADER = YES;
				CLANG_WARN_RANGE_LOOP_ANALYSIS = YES;
				CLANG_WARN_STRICT_PROTOTYPES = YES;
				CLANG_WARN_SUSPICIOUS_MOVE = YES;
				CLANG_WARN_UNGUARDED_AVAILABILITY = YES_AGGRESSIVE;
				CLANG_WARN_UNREACHABLE_CODE = YES;
				CLANG_WARN__DUPLICATE_METHOD_MATCH = YES;
				COPY_PHASE_STRIP = NO;
				DEBUG_INFORMATION_FORMAT = dwarf;
				ENABLE_STRICT_OBJC_MSGSEND = YES;
				ENABLE_TESTABILITY = YES;
				GCC_C_LANGUAGE_STANDARD = gnu11;
				GCC_DYNAMIC_NO_PIC = NO;
				GCC_NO_COMMON_BLOCKS = YES;
				GCC_OPTIMIZATION_LEVEL = 0;
				GCC_PREPROCESSOR_DEFINITIONS = (
					"DEBUG=1",
					"$(inherited)",
				);
				GCC_WARN_64_TO_32_BIT_CONVERSION = YES;
				GCC_WARN_ABOUT_RETURN_TYPE = YES_ERROR;
				GCC_WARN_UNDECLARED_SELECTOR = YES;
				GCC_WARN_UNINITIALIZED_AUTOS = YES_AGGRESSIVE;
				GCC_WARN_UNUSED_FUNCTION = YES;
				GCC_WARN_UNUSED_VARIABLE = YES;
				IPHONEOS_DEPLOYMENT_TARGET = 14.4;
				MTL_ENABLE_DEBUG_INFO = INCLUDE_SOURCE;
				MTL_FAST_MATH = YES;
				ONLY_ACTIVE_ARCH = YES;
				SDKROOT = iphoneos;
				SWIFT_ACTIVE_COMPILATION_CONDITIONS = DEBUG;
				SWIFT_OPTIMIZATION_LEVEL = "-Onone";
			};
			name = Debug;
		};
		C2C350F425FA131A00125F3F /* Release */ = {
			isa = XCBuildConfiguration;
			buildSettings = {
				ALWAYS_SEARCH_USER_PATHS = NO;
				CLANG_ANALYZER_NONNULL = YES;
				CLANG_ANALYZER_NUMBER_OBJECT_CONVERSION = YES_AGGRESSIVE;
				CLANG_CXX_LANGUAGE_STANDARD = "gnu++14";
				CLANG_CXX_LIBRARY = "libc++";
				CLANG_ENABLE_MODULES = YES;
				CLANG_ENABLE_OBJC_ARC = YES;
				CLANG_ENABLE_OBJC_WEAK = YES;
				CLANG_WARN_BLOCK_CAPTURE_AUTORELEASING = YES;
				CLANG_WARN_BOOL_CONVERSION = YES;
				CLANG_WARN_COMMA = YES;
				CLANG_WARN_CONSTANT_CONVERSION = YES;
				CLANG_WARN_DEPRECATED_OBJC_IMPLEMENTATIONS = YES;
				CLANG_WARN_DIRECT_OBJC_ISA_USAGE = YES_ERROR;
				CLANG_WARN_DOCUMENTATION_COMMENTS = YES;
				CLANG_WARN_EMPTY_BODY = YES;
				CLANG_WARN_ENUM_CONVERSION = YES;
				CLANG_WARN_INFINITE_RECURSION = YES;
				CLANG_WARN_INT_CONVERSION = YES;
				CLANG_WARN_NON_LITERAL_NULL_CONVERSION = YES;
				CLANG_WARN_OBJC_IMPLICIT_RETAIN_SELF = YES;
				CLANG_WARN_OBJC_LITERAL_CONVERSION = YES;
				CLANG_WARN_OBJC_ROOT_CLASS = YES_ERROR;
				CLANG_WARN_QUOTED_INCLUDE_IN_FRAMEWORK_HEADER = YES;
				CLANG_WARN_RANGE_LOOP_ANALYSIS = YES;
				CLANG_WARN_STRICT_PROTOTYPES = YES;
				CLANG_WARN_SUSPICIOUS_MOVE = YES;
				CLANG_WARN_UNGUARDED_AVAILABILITY = YES_AGGRESSIVE;
				CLANG_WARN_UNREACHABLE_CODE = YES;
				CLANG_WARN__DUPLICATE_METHOD_MATCH = YES;
				COPY_PHASE_STRIP = NO;
				DEBUG_INFORMATION_FORMAT = "dwarf-with-dsym";
				ENABLE_NS_ASSERTIONS = NO;
				ENABLE_STRICT_OBJC_MSGSEND = YES;
				GCC_C_LANGUAGE_STANDARD = gnu11;
				GCC_NO_COMMON_BLOCKS = YES;
				GCC_WARN_64_TO_32_BIT_CONVERSION = YES;
				GCC_WARN_ABOUT_RETURN_TYPE = YES_ERROR;
				GCC_WARN_UNDECLARED_SELECTOR = YES;
				GCC_WARN_UNINITIALIZED_AUTOS = YES_AGGRESSIVE;
				GCC_WARN_UNUSED_FUNCTION = YES;
				GCC_WARN_UNUSED_VARIABLE = YES;
				IPHONEOS_DEPLOYMENT_TARGET = 14.4;
				MTL_ENABLE_DEBUG_INFO = NO;
				MTL_FAST_MATH = YES;
				SDKROOT = iphoneos;
				SWIFT_COMPILATION_MODE = wholemodule;
				SWIFT_OPTIMIZATION_LEVEL = "-O";
				VALIDATE_PRODUCT = YES;
			};
			name = Release;
		};
		C2C350F625FA131A00125F3F /* Debug */ = {
			isa = XCBuildConfiguration;
			baseConfigurationReference = FB76151615913DA39792C992 /* Pods-Portto.debug.xcconfig */;
			buildSettings = {
				ASSETCATALOG_COMPILER_APPICON_NAME = AppIcon;
				ASSETCATALOG_COMPILER_GLOBAL_ACCENT_COLOR_NAME = AccentColor;
				CODE_SIGN_STYLE = Automatic;
				DEVELOPMENT_TEAM = YFV6UCY46Z;
				INFOPLIST_FILE = Portto/Info.plist;
				IPHONEOS_DEPLOYMENT_TARGET = 13.0;
				LD_RUNPATH_SEARCH_PATHS = (
					"$(inherited)",
					"@executable_path/Frameworks",
				);
				PRODUCT_BUNDLE_IDENTIFIER = com.yuhsuan19.Portto;
				PRODUCT_NAME = "$(TARGET_NAME)";
				SWIFT_VERSION = 5.0;
				TARGETED_DEVICE_FAMILY = "1,2";
			};
			name = Debug;
		};
		C2C350F725FA131A00125F3F /* Release */ = {
			isa = XCBuildConfiguration;
			baseConfigurationReference = EEBFEFBBD1DBE63863683090 /* Pods-Portto.release.xcconfig */;
			buildSettings = {
				ASSETCATALOG_COMPILER_APPICON_NAME = AppIcon;
				ASSETCATALOG_COMPILER_GLOBAL_ACCENT_COLOR_NAME = AccentColor;
				CODE_SIGN_STYLE = Automatic;
				DEVELOPMENT_TEAM = YFV6UCY46Z;
				INFOPLIST_FILE = Portto/Info.plist;
				IPHONEOS_DEPLOYMENT_TARGET = 13.0;
				LD_RUNPATH_SEARCH_PATHS = (
					"$(inherited)",
					"@executable_path/Frameworks",
				);
				PRODUCT_BUNDLE_IDENTIFIER = com.yuhsuan19.Portto;
				PRODUCT_NAME = "$(TARGET_NAME)";
				SWIFT_VERSION = 5.0;
				TARGETED_DEVICE_FAMILY = "1,2";
			};
			name = Release;
		};
/* End XCBuildConfiguration section */

/* Begin XCConfigurationList section */
		C2C350DC25FA131700125F3F /* Build configuration list for PBXProject "Portto" */ = {
			isa = XCConfigurationList;
			buildConfigurations = (
				C2C350F325FA131A00125F3F /* Debug */,
				C2C350F425FA131A00125F3F /* Release */,
			);
			defaultConfigurationIsVisible = 0;
			defaultConfigurationName = Release;
		};
		C2C350F525FA131A00125F3F /* Build configuration list for PBXNativeTarget "Portto" */ = {
			isa = XCConfigurationList;
			buildConfigurations = (
				C2C350F625FA131A00125F3F /* Debug */,
				C2C350F725FA131A00125F3F /* Release */,
			);
			defaultConfigurationIsVisible = 0;
			defaultConfigurationName = Release;
		};
/* End XCConfigurationList section */
	};
	rootObject = C2C350D925FA131700125F3F /* Project object */;
}
